
Microsoft Visual Studio Solution File, Format Version 12.00
# Visual Studio Version 16
VisualStudioVersion = 16.0.30204.135
MinimumVisualStudioVersion = 10.0.40219.1
Project("{FAE04EC0-301F-11D3-BF4B-00C04F79EFBC}") = "CircuitReverse", "CircuitReverse.csproj", "{15B7AD33-D574-4AC5-A27C-DB5CD1E12CB2}"
EndProject
Global
	GlobalSection(SolutionConfigurationPlatforms) = preSolution
		Debug|Any CPU = Debug|Any CPU
		Release|Any CPU = Release|Any CPU
	EndGlobalSection
	GlobalSection(ProjectConfigurationPlatforms) = postSolution
		{15B7AD33-D574-4AC5-A27C-DB5CD1E12CB2}.Debug|Any CPU.ActiveCfg = Debug|Any CPU
		{15B7AD33-D574-4AC5-A27C-DB5CD1E12CB2}.Debug|Any CPU.Build.0 = Debug|Any CPU
		{15B7AD33-D574-4AC5-A27C-DB5CD1E12CB2}.Release|Any CPU.ActiveCfg = Release|Any CPU
		{15B7AD33-D574-4AC5-A27C-DB5CD1E12CB2}.Release|Any CPU.Build.0 = Release|Any CPU
	EndGlobalSection
	GlobalSection(SolutionProperties) = preSolution
		HideSolutionNode = FALSE
	EndGlobalSection
	GlobalSection(ExtensibilityGlobals) = postSolution
		SolutionGuid = {D476CE69-259C-4E13-834D-24C55AFC92C7}
	EndGlobalSection
EndGlobal
